{
  "name": "playground",
  "version": "1.0.0",
  "lockfileVersion": 2,
  "requires": true,
  "packages": {
    "": {
      "name": "playground",
      "version": "1.0.0",
      "license": "ISC",
      "dependencies": {
        "@types/node": "^16.3.3",
        "ascii-table": "^0.0.9",
        "string-replace-async": "^2.0.0",
        "stringz": "^2.1.0"
      },
      "devDependencies": {}
    },
    "node_modules/@types/node": {
      "version": "16.3.3",
      "resolved": "https://registry.npmjs.org/@types/node/-/node-16.3.3.tgz",
      "integrity": "sha512-8h7k1YgQKxKXWckzFCMfsIwn0Y61UK6tlD6y2lOb3hTOIMlK3t9/QwHOhc81TwU+RMf0As5fj7NPjroERCnejQ=="
    },
    "node_modules/ascii-table": {
      "version": "0.0.9",
      "resolved": "https://registry.npmjs.org/ascii-table/-/ascii-table-0.0.9.tgz",
      "integrity": "sha1-BqZgTWpV1L9BqaR9mHLXp42jHnM="
    },
    "node_modules/char-regex": {
      "version": "1.0.2",
      "resolved": "https://registry.npmjs.org/char-regex/-/char-regex-1.0.2.tgz",
      "integrity": "sha512-kWWXztvZ5SBQV+eRgKFeh8q5sLuZY2+8WUIzlxWVTg+oGwY14qylx1KbKzHd8P6ZYkAg0xyIDU9JMHhyJMZ1jw==",
      "engines": {
        "node": ">=10"
      }
    },
    "node_modules/string-replace-async": {
      "version": "2.0.0",
      "resolved": "https://registry.npmjs.org/string-replace-async/-/string-replace-async-2.0.0.tgz",
      "integrity": "sha512-AHMupZscUiDh07F1QziX7PLoB1DQ/pzu19vc8Xa8LwZcgnOXaw7yCgBuSYrxVEfaM2d8scc3Gtp+i+QJZV+spw==",
      "engines": {
        "node": ">=0.12"
      }
    },
    "node_modules/stringz": {
      "version": "2.1.0",
      "resolved": "https://registry.npmjs.org/stringz/-/stringz-2.1.0.tgz",
      "integrity": "sha512-KlywLT+MZ+v0IRepfMxRtnSvDCMc3nR1qqCs3m/qIbSOWkNZYT8XHQA31rS3TnKp0c5xjZu3M4GY/2aRKSi/6A==",
      "dependencies": {
        "char-regex": "^1.0.2"
      }
    }
  },
  "dependencies": {
    "@types/node": {
      "version": "16.3.3",
      "resolved": "https://registry.npmjs.org/@types/node/-/node-16.3.3.tgz",
      "integrity": "sha512-8h7k1YgQKxKXWckzFCMfsIwn0Y61UK6tlD6y2lOb3hTOIMlK3t9/QwHOhc81TwU+RMf0As5fj7NPjroERCnejQ=="
    },
    "ascii-table": {
      "version": "0.0.9",
      "resolved": "https://registry.npmjs.org/ascii-table/-/ascii-table-0.0.9.tgz",
      "integrity": "sha1-BqZgTWpV1L9BqaR9mHLXp42jHnM="
    },
    "char-regex": {
      "version": "1.0.2",
      "resolved": "https://registry.npmjs.org/char-regex/-/char-regex-1.0.2.tgz",
      "integrity": "sha512-kWWXztvZ5SBQV+eRgKFeh8q5sLuZY2+8WUIzlxWVTg+oGwY14qylx1KbKzHd8P6ZYkAg0xyIDU9JMHhyJMZ1jw=="
    },
    "string-replace-async": {
      "version": "2.0.0",
      "resolved": "https://registry.npmjs.org/string-replace-async/-/string-replace-async-2.0.0.tgz",
      "integrity": "sha512-AHMupZscUiDh07F1QziX7PLoB1DQ/pzu19vc8Xa8LwZcgnOXaw7yCgBuSYrxVEfaM2d8scc3Gtp+i+QJZV+spw=="
    },
    "stringz": {
      "version": "2.1.0",
      "resolved": "https://registry.npmjs.org/stringz/-/stringz-2.1.0.tgz",
      "integrity": "sha512-KlywLT+MZ+v0IRepfMxRtnSvDCMc3nR1qqCs3m/qIbSOWkNZYT8XHQA31rS3TnKp0c5xjZu3M4GY/2aRKSi/6A==",
      "requires": {
        "char-regex": "^1.0.2"
      }
    }
  }
}
